{
  "version": 4,
  "terraform_version": "1.5.3",
  "serial": 7,
  "lineage": "33eb331f-c042-2e18-1909-5655367feed2",
  "outputs": {},
  "resources": [
    {
      "mode": "managed",
      "type": "proxmox_vm_qemu",
      "name": "srv_demo_1",
      "provider": "provider[\"registry.terraform.io/telmate/proxmox\"]",
      "instances": [
        {
          "schema_version": 0,
          "attributes": {
            "additional_wait": 5,
            "agent": 1,
            "args": "",
            "automatic_reboot": true,
            "balloon": 0,
            "bios": "seabios",
            "boot": "c",
            "bootdisk": "scsi0",
            "bridge": null,
            "ci_wait": null,
            "cicustom": "",
            "cipassword": "",
            "ciuser": "tk",
            "clone": "ubuntu2204-ci",
            "clone_wait": 10,
            "cloudinit_cdrom_storage": null,
            "cores": 2,
            "cpu": "host",
            "default_ipv4_address": "192.168.178.39",
            "define_connection_info": true,
            "desc": "Ubuntu-Server",
            "disk": [
              {
                "aio": "",
                "backup": true,
                "cache": "none",
                "discard": "on",
                "file": "vm-101-disk-0",
                "format": "raw",
                "iops": 0,
                "iops_max": 0,
                "iops_max_length": 0,
                "iops_rd": 0,
                "iops_rd_max": 0,
                "iops_rd_max_length": 0,
                "iops_wr": 0,
                "iops_wr_max": 0,
                "iops_wr_max_length": 0,
                "iothread": 0,
                "mbps": 0,
                "mbps_rd": 0,
                "mbps_rd_max": 0,
                "mbps_wr": 0,
                "mbps_wr_max": 0,
                "media": "",
                "replicate": 0,
                "size": "83212M",
                "slot": 0,
                "ssd": 1,
                "storage": "local-lvm",
                "storage_type": "lvmthin",
                "type": "scsi",
                "volume": "local-lvm:vm-101-disk-0"
              }
            ],
            "disk_gb": null,
            "force_create": false,
            "force_recreate_on_change_of": null,
            "full_clone": true,
            "guest_agent_ready_timeout": 100,
            "hagroup": "",
            "hastate": "",
            "hostpci": [],
            "hotplug": "network,disk,usb",
            "id": "proxmox/qemu/101",
            "ipconfig0": "ip=dhcp",
            "ipconfig1": "",
            "ipconfig10": "",
            "ipconfig11": "",
            "ipconfig12": "",
            "ipconfig13": "",
            "ipconfig14": "",
            "ipconfig15": "",
            "ipconfig2": "",
            "ipconfig3": "",
            "ipconfig4": "",
            "ipconfig5": "",
            "ipconfig6": "",
            "ipconfig7": "",
            "ipconfig8": "",
            "ipconfig9": "",
            "iso": null,
            "kvm": true,
            "mac": null,
            "machine": "",
            "memory": 8096,
            "name": "srv-demo-1",
            "nameserver": "192.168.110.61",
            "network": [
              {
                "bridge": "vmbr0",
                "firewall": false,
                "link_down": false,
                "macaddr": "9E:C6:B2:2E:6A:EF",
                "model": "virtio",
                "mtu": 0,
                "queues": 0,
                "rate": 0,
                "tag": -1
              }
            ],
            "nic": null,
            "numa": false,
            "onboot": false,
            "oncreate": true,
            "os_network_config": null,
            "os_type": "cloud-init",
            "pool": "",
            "preprovision": true,
            "pxe": null,
            "qemu_os": "l26",
            "reboot_required": false,
            "scsihw": "virtio-scsi-pci",
            "searchdomain": "",
            "serial": [],
            "sockets": 1,
            "ssh_forward_ip": null,
            "ssh_host": "192.168.178.39",
            "ssh_port": "22",
            "ssh_private_key": null,
            "ssh_user": null,
            "sshkeys": "ssh-rsa AAAAB3NzaC1yc2EAAAADAQABAAABgQDnA0gYQ1FZUpkMclmv6Eb0fC98pImM51p68+3KwHCuL+zjjPkG4DYKenhkFWHG4esISi2HFKSCNMwwd6sGUaLnqbYFt2vIuFHgRo4IRcjqUy3lVAhnCNOMBqrCzjKs84P/a7j0BgIKVXUT6yELCVs/5ubHM3EP+NmYlLjpizSoBs1TVpWdlBhnQZPi9TLV6RNg8Tnhq8undyfRigU1rfl/XK73kECbyqnRD75GdLMdxOXw5s8QVof4TOi2exMBEQUvHWpEPPa3z8Mqw8a0JcCwTM5bW8YBNx6myp+th44LR4pOqP1nyHqBtGmAijAKV8gCEaQKAK5tYg9+T90oIVAUlRunVQCbtpqorg3E9PFBul6QR7vop8jwC0adhgomrlnYknYCIDHTzprOMEzUBZwtj5TkGVwGX2xFpjEvazHJOBhH9+Fv2bkO1A7u4zUqXq/JPoaESHOTwrxzF3GxoHVuGkMUtXQLTDk+71c1Do5TL7kuS2wQYYfeGUlmYQffhSU= tobias@tobias-endeavour-os\n",
            "startup": "",
            "storage": null,
            "storage_type": null,
            "tablet": true,
            "tags": "",
            "target_node": "proxmox",
            "timeouts": null,
            "unused_disk": [],
            "usb": [],
            "vcpus": 0,
            "vga": [
              {
                "memory": null,
                "type": "std"
              }
            ],
            "vlan": -1,
            "vmid": null
          },
          "sensitive_attributes": [],
          "private": "eyJlMmJmYjczMC1lY2FhLTExZTYtOGY4OC0zNDM2M2JjN2M0YzAiOnsiY3JlYXRlIjoxMjAwMDAwMDAwMDAwLCJkZWZhdWx0IjoxMjAwMDAwMDAwMDAwLCJkZWxldGUiOjEyMDAwMDAwMDAwMDAsInJlYWQiOjEyMDAwMDAwMDAwMDAsInVwZGF0ZSI6MTIwMDAwMDAwMDAwMH19"
        }
      ]
    }
  ],
  "check_results": null
}
